schemaVersion: 1
tools:
  devpod:
    repository: skevetter/devpod
    version: v0.26.1
    commit: 86b6f9f5d6713fecdeff5dd240e775a8c7e8d44e
    assets:
      linux:
        amd64:
          url: https://github.com/skevetter/devpod/releases/download/v0.26.1/devpod-linux-amd64
          sha256: 01bbc2d88090d546e04aa435c63fc5eb95ec49ffb7ab102a67de0d6d12c82d8d
        arm64:
          url: https://github.com/skevetter/devpod/releases/download/v0.26.1/devpod-linux-arm64
          sha256: 268621da428ca6d470d1812d63c9e41a1681b681861fc984648a57c5725478ee
  hauler:
    repository: hauler-dev/hauler
    version: v2.0.2
    commit: 4ece589a5c763fff15e253735263bd13a889d3cc
    assets:
      linux:
        amd64:
          url: https://github.com/hauler-dev/hauler/releases/download/v2.0.2/hauler_2.0.2_linux_amd64.tar.gz
          sha256: d96ac67cac3c9e4fc2d24c8347fba956b2a165a2237318cc2564e44bbaabc4c3
        arm64:
          url: https://github.com/hauler-dev/hauler/releases/download/v2.0.2/hauler_2.0.2_linux_arm64.tar.gz
          sha256: e77a7d2b707ba2ffbb5a69e1f6cacbf046065333cd9b1abe51ed8f9f099c2870
fixtures:
  room:
    repository: joshyorko/room-of-requirement
    version: v1.18.0
    commit: 0aabf18ad291c590498bd8e904a7d09f66378b85
